{
  "name": "miniprogram-ts-less-quickstart",
  "version": "1.0.0",
  "lockfileVersion": 3,
  "requires": true,
  "packages": {
    "": {
      "name": "miniprogram-ts-less-quickstart",
      "version": "1.0.0",
      "dependencies": {
        "@vant/weapp": "^1.10.25"
      },
      "devDependencies": {
        "miniprogram-api-typings": "^2.12.0"
      }
    },
    "node_modules/@vant/weapp": {
      "version": "1.10.25",
      "resolved": "https://registry.npmjs.org/@vant/weapp/-/weapp-1.10.25.tgz",
      "integrity": "sha512-UGtEZdyaYNDfZ2GJ4qHU1ch23s2iYaPhxd+kx/baPvtPOlIllCLw0yk5v+4mMG6ZyMmIZCQd3nbLIEwDezLWYA=="
    },
    "node_modules/miniprogram-api-typings": {
      "version": "2.12.0",
      "resolved": "https://registry.npmjs.org/miniprogram-api-typings/-/miniprogram-api-typings-2.12.0.tgz",
      "integrity": "sha512-ibvbqeslVFur0IAvTxLMvsbtvVcMo6gwvOnj0YZHV7aeDLu091VQRrETT2QuiG9P6aZWRcxeNGJChRKVPCp9VQ==",
      "dev": true
    }
  }
}
